{
  "version": "5",
  "specifiers": {
    "npm:@tauri-apps/api@^2.10.1": "2.10.1",
    "npm:@tauri-apps/cli@^2.10.0": "2.10.0",
    "npm:@tauri-apps/plugin-opener@^2.5.3": "2.5.3",
    "npm:@vitejs/plugin-vue@^6.0.4": "6.0.4_vite@7.3.1__picomatch@4.0.3_vue@3.5.29__typescript@5.6.3__typescript@5.9.3_typescript@5.9.3",
    "npm:typescript@~5.9.3": "5.9.3",
    "npm:vite@^7.3.1": "7.3.1_picomatch@4.0.3",
    "npm:vue-tsc@^3.2.5": "3.2.5_typescript@5.9.3",
    "npm:vue@^3.5.29": "3.5.29_typescript@5.6.3_typescript@5.9.3"
  },
  "npm": {
    "@babel/helper-string-parser@7.27.1": {
      "integrity": "sha512-qMlSxKbpRlAridDExk92nSobyDdpPijUq2DW6oDnUqd0iOGxmQjyqhMIihI9+zv4LPyZdRje2cavWPbCbWm3eA==",
      "tarball": "https://mirrors.tencent.com/npm/@babel/helper-string-parser/-/helper-string-parser-7.27.1.tgz"
    },
    "@babel/helper-validator-identifier@7.28.5": {
      "integrity": "sha512-qSs4ifwzKJSV39ucNjsvc6WVHs6b7S03sOh2OcHF9UHfVPqWWALUsNUVzhSBiItjRZoLHx7nIarVjqKVusUZ1Q==",
      "tarball": "https://mirrors.tencent.com/npm/@babel/helper-validator-identifier/-/helper-validator-identifier-7.28.5.tgz"
    },
    "@babel/parser@7.29.0": {
      "integrity": "sha512-IyDgFV5GeDUVX4YdF/3CPULtVGSXXMLh1xVIgdCgxApktqnQV0r7/8Nqthg+8YLGaAtdyIlo2qIdZrbCv4+7ww==",
      "dependencies": [
        "@babel/types"
      ],
      "bin": true,
      "tarball": "https://mirrors.tencent.com/npm/@babel/parser/-/parser-7.29.0.tgz"
    },
    "@babel/types@7.29.0": {
      "integrity": "sha512-LwdZHpScM4Qz8Xw2iKSzS+cfglZzJGvofQICy7W7v4caru4EaAmyUuO6BGrbyQ2mYV11W0U8j5mBhd14dd3B0A==",
      "dependencies": [
        "@babel/helper-string-parser",
        "@babel/helper-validator-identifier"
      ],
      "tarball": "https://mirrors.tencent.com/npm/@babel/types/-/types-7.29.0.tgz"
    },
    "@esbuild/aix-ppc64@0.27.3": {
      "integrity": "sha512-9fJMTNFTWZMh5qwrBItuziu834eOCUcEqymSH7pY+zoMVEZg3gcPuBNxH1EvfVYe9h0x/Ptw8KBzv7qxb7l8dg==",
      "os": ["aix"],
      "cpu": ["ppc64"],
      "tarball": "https://mirrors.tencent.com/npm/@esbuild/aix-ppc64/-/aix-ppc64-0.27.3.tgz"
    },
    "@esbuild/android-arm64@0.27.3": {
      "integrity": "sha512-YdghPYUmj/FX2SYKJ0OZxf+iaKgMsKHVPF1MAq/P8WirnSpCStzKJFjOjzsW0QQ7oIAiccHdcqjbHmJxRb/dmg==",
      "os": ["android"],
      "cpu": ["arm64"],
      "tarball": "https://mirrors.tencent.com/npm/@esbuild/android-arm64/-/android-arm64-0.27.3.tgz"
    },
    "@esbuild/android-arm@0.27.3": {
      "integrity": "sha512-i5D1hPY7GIQmXlXhs2w8AWHhenb00+GxjxRncS2ZM7YNVGNfaMxgzSGuO8o8SJzRc/oZwU2bcScvVERk03QhzA==",
      "os": ["android"],
      "cpu": ["arm"],
      "tarball": "https://mirrors.tencent.com/npm/@esbuild/android-arm/-/android-arm-0.27.3.tgz"
    },
    "@esbuild/android-x64@0.27.3": {
      "integrity": "sha512-IN/0BNTkHtk8lkOM8JWAYFg4ORxBkZQf9zXiEOfERX/CzxW3Vg1ewAhU7QSWQpVIzTW+b8Xy+lGzdYXV6UZObQ==",
      "os": ["android"],
      "cpu": ["x64"],
      "tarball": "https://mirrors.tencent.com/npm/@esbuild/android-x64/-/android-x64-0.27.3.tgz"
    },
    "@esbuild/darwin-arm64@0.27.3": {
      "integrity": "sha512-Re491k7ByTVRy0t3EKWajdLIr0gz2kKKfzafkth4Q8A5n1xTHrkqZgLLjFEHVD+AXdUGgQMq+Godfq45mGpCKg==",
      "os": ["darwin"],
      "cpu": ["arm64"],
      "tarball": "https://mirrors.tencent.com/npm/@esbuild/darwin-arm64/-/darwin-arm64-0.27.3.tgz"
    },
    "@esbuild/darwin-x64@0.27.3": {
      "integrity": "sha512-vHk/hA7/1AckjGzRqi6wbo+jaShzRowYip6rt6q7VYEDX4LEy1pZfDpdxCBnGtl+A5zq8iXDcyuxwtv3hNtHFg==",
      "os": ["darwin"],
      "cpu": ["x64"],
      "tarball": "https://mirrors.tencent.com/npm/@esbuild/darwin-x64/-/darwin-x64-0.27.3.tgz"
    },
    "@esbuild/freebsd-arm64@0.27.3": {
      "integrity": "sha512-ipTYM2fjt3kQAYOvo6vcxJx3nBYAzPjgTCk7QEgZG8AUO3ydUhvelmhrbOheMnGOlaSFUoHXB6un+A7q4ygY9w==",
      "os": ["freebsd"],
      "cpu": ["arm64"],
      "tarball": "https://mirrors.tencent.com/npm/@esbuild/freebsd-arm64/-/freebsd-arm64-0.27.3.tgz"
    },
    "@esbuild/freebsd-x64@0.27.3": {
      "integrity": "sha512-dDk0X87T7mI6U3K9VjWtHOXqwAMJBNN2r7bejDsc+j03SEjtD9HrOl8gVFByeM0aJksoUuUVU9TBaZa2rgj0oA==",
      "os": ["freebsd"],
      "cpu": ["x64"],
      "tarball": "https://mirrors.tencent.com/npm/@esbuild/freebsd-x64/-/freebsd-x64-0.27.3.tgz"
    },
    "@esbuild/linux-arm64@0.27.3": {
      "integrity": "sha512-sZOuFz/xWnZ4KH3YfFrKCf1WyPZHakVzTiqji3WDc0BCl2kBwiJLCXpzLzUBLgmp4veFZdvN5ChW4Eq/8Fc2Fg==",
      "os": ["linux"],
      "cpu": ["arm64"],
      "tarball": "https://mirrors.tencent.com/npm/@esbuild/linux-arm64/-/linux-arm64-0.27.3.tgz"
    },
    "@esbuild/linux-arm@0.27.3": {
      "integrity": "sha512-s6nPv2QkSupJwLYyfS+gwdirm0ukyTFNl3KTgZEAiJDd+iHZcbTPPcWCcRYH+WlNbwChgH2QkE9NSlNrMT8Gfw==",
      "os": ["linux"],
      "cpu": ["arm"],
      "tarball": "https://mirrors.tencent.com/npm/@esbuild/linux-arm/-/linux-arm-0.27.3.tgz"
    },
    "@esbuild/linux-ia32@0.27.3": {
      "integrity": "sha512-yGlQYjdxtLdh0a3jHjuwOrxQjOZYD/C9PfdbgJJF3TIZWnm/tMd/RcNiLngiu4iwcBAOezdnSLAwQDPqTmtTYg==",
      "os": ["linux"],
      "cpu": ["ia32"],
      "tarball": "https://mirrors.tencent.com/npm/@esbuild/linux-ia32/-/linux-ia32-0.27.3.tgz"
    },
    "@esbuild/linux-loong64@0.27.3": {
      "integrity": "sha512-WO60Sn8ly3gtzhyjATDgieJNet/KqsDlX5nRC5Y3oTFcS1l0KWba+SEa9Ja1GfDqSF1z6hif/SkpQJbL63cgOA==",
      "os": ["linux"],
      "cpu": ["loong64"],
      "tarball": "https://mirrors.tencent.com/npm/@esbuild/linux-loong64/-/linux-loong64-0.27.3.tgz"
    },
    "@esbuild/linux-mips64el@0.27.3": {
      "integrity": "sha512-APsymYA6sGcZ4pD6k+UxbDjOFSvPWyZhjaiPyl/f79xKxwTnrn5QUnXR5prvetuaSMsb4jgeHewIDCIWljrSxw==",
      "os": ["linux"],
      "cpu": ["mips64el"],
      "tarball": "https://mirrors.tencent.com/npm/@esbuild/linux-mips64el/-/linux-mips64el-0.27.3.tgz"
    },
    "@esbuild/linux-ppc64@0.27.3": {
      "integrity": "sha512-eizBnTeBefojtDb9nSh4vvVQ3V9Qf9Df01PfawPcRzJH4gFSgrObw+LveUyDoKU3kxi5+9RJTCWlj4FjYXVPEA==",
      "os": ["linux"],
      "cpu": ["ppc64"],
      "tarball": "https://mirrors.tencent.com/npm/@esbuild/linux-ppc64/-/linux-ppc64-0.27.3.tgz"
    },
    "@esbuild/linux-riscv64@0.27.3": {
      "integrity": "sha512-3Emwh0r5wmfm3ssTWRQSyVhbOHvqegUDRd0WhmXKX2mkHJe1SFCMJhagUleMq+Uci34wLSipf8Lagt4LlpRFWQ==",
      "os": ["linux"],
      "cpu": ["riscv64"],
      "tarball": "https://mirrors.tencent.com/npm/@esbuild/linux-riscv64/-/linux-riscv64-0.27.3.tgz"
    },
    "@esbuild/linux-s390x@0.27.3": {
      "integrity": "sha512-pBHUx9LzXWBc7MFIEEL0yD/ZVtNgLytvx60gES28GcWMqil8ElCYR4kvbV2BDqsHOvVDRrOxGySBM9Fcv744hw==",
      "os": ["linux"],
      "cpu": ["s390x"],
      "tarball": "https://mirrors.tencent.com/npm/@esbuild/linux-s390x/-/linux-s390x-0.27.3.tgz"
    },
    "@esbuild/linux-x64@0.27.3": {
      "integrity": "sha512-Czi8yzXUWIQYAtL/2y6vogER8pvcsOsk5cpwL4Gk5nJqH5UZiVByIY8Eorm5R13gq+DQKYg0+JyQoytLQas4dA==",
      "os": ["linux"],
      "cpu": ["x64"],
      "tarball": "https://mirrors.tencent.com/npm/@esbuild/linux-x64/-/linux-x64-0.27.3.tgz"
    },
    "@esbuild/netbsd-arm64@0.27.3": {
      "integrity": "sha512-sDpk0RgmTCR/5HguIZa9n9u+HVKf40fbEUt+iTzSnCaGvY9kFP0YKBWZtJaraonFnqef5SlJ8/TiPAxzyS+UoA==",
      "os": ["netbsd"],
      "cpu": ["arm64"],
      "tarball": "https://mirrors.tencent.com/npm/@esbuild/netbsd-arm64/-/netbsd-arm64-0.27.3.tgz"
    },
    "@esbuild/netbsd-x64@0.27.3": {
      "integrity": "sha512-P14lFKJl/DdaE00LItAukUdZO5iqNH7+PjoBm+fLQjtxfcfFE20Xf5CrLsmZdq5LFFZzb5JMZ9grUwvtVYzjiA==",
      "os": ["netbsd"],
      "cpu": ["x64"],
      "tarball": "https://mirrors.tencent.com/npm/@esbuild/netbsd-x64/-/netbsd-x64-0.27.3.tgz"
    },
    "@esbuild/openbsd-arm64@0.27.3": {
      "integrity": "sha512-AIcMP77AvirGbRl/UZFTq5hjXK+2wC7qFRGoHSDrZ5v5b8DK/GYpXW3CPRL53NkvDqb9D+alBiC/dV0Fb7eJcw==",
      "os": ["openbsd"],
      "cpu": ["arm64"],
      "tarball": "https://mirrors.tencent.com/npm/@esbuild/openbsd-arm64/-/openbsd-arm64-0.27.3.tgz"
    },
    "@esbuild/openbsd-x64@0.27.3": {
      "integrity": "sha512-DnW2sRrBzA+YnE70LKqnM3P+z8vehfJWHXECbwBmH/CU51z6FiqTQTHFenPlHmo3a8UgpLyH3PT+87OViOh1AQ==",
      "os": ["openbsd"],
      "cpu": ["x64"],
      "tarball": "https://mirrors.tencent.com/npm/@esbuild/openbsd-x64/-/openbsd-x64-0.27.3.tgz"
    },
    "@esbuild/openharmony-arm64@0.27.3": {
      "integrity": "sha512-NinAEgr/etERPTsZJ7aEZQvvg/A6IsZG/LgZy+81wON2huV7SrK3e63dU0XhyZP4RKGyTm7aOgmQk0bGp0fy2g==",
      "os": ["openharmony"],
      "cpu": ["arm64"],
      "tarball": "https://mirrors.tencent.com/npm/@esbuild/openharmony-arm64/-/openharmony-arm64-0.27.3.tgz"
    },
    "@esbuild/sunos-x64@0.27.3": {
      "integrity": "sha512-PanZ+nEz+eWoBJ8/f8HKxTTD172SKwdXebZ0ndd953gt1HRBbhMsaNqjTyYLGLPdoWHy4zLU7bDVJztF5f3BHA==",
      "os": ["sunos"],
      "cpu": ["x64"],
      "tarball": "https://mirrors.tencent.com/npm/@esbuild/sunos-x64/-/sunos-x64-0.27.3.tgz"
    },
    "@esbuild/win32-arm64@0.27.3": {
      "integrity": "sha512-B2t59lWWYrbRDw/tjiWOuzSsFh1Y/E95ofKz7rIVYSQkUYBjfSgf6oeYPNWHToFRr2zx52JKApIcAS/D5TUBnA==",
      "os": ["win32"],
      "cpu": ["arm64"],
      "tarball": "https://mirrors.tencent.com/npm/@esbuild/win32-arm64/-/win32-arm64-0.27.3.tgz"
    },
    "@esbuild/win32-ia32@0.27.3": {
      "integrity": "sha512-QLKSFeXNS8+tHW7tZpMtjlNb7HKau0QDpwm49u0vUp9y1WOF+PEzkU84y9GqYaAVW8aH8f3GcBck26jh54cX4Q==",
      "os": ["win32"],
      "cpu": ["ia32"],
      "tarball": "https://mirrors.tencent.com/npm/@esbuild/win32-ia32/-/win32-ia32-0.27.3.tgz"
    },
    "@esbuild/win32-x64@0.27.3": {
      "integrity": "sha512-4uJGhsxuptu3OcpVAzli+/gWusVGwZZHTlS63hh++ehExkVT8SgiEf7/uC/PclrPPkLhZqGgCTjd0VWLo6xMqA==",
      "os": ["win32"],
      "cpu": ["x64"],
      "tarball": "https://mirrors.tencent.com/npm/@esbuild/win32-x64/-/win32-x64-0.27.3.tgz"
    },
    "@jridgewell/sourcemap-codec@1.5.5": {
      "integrity": "sha512-cYQ9310grqxueWbl+WuIUIaiUaDcj7WOq5fVhEljNVgRfOUhY9fy2zTvfoqWsnebh8Sl70VScFbICvJnLKB0Og==",
      "tarball": "https://mirrors.tencent.com/npm/@jridgewell/sourcemap-codec/-/sourcemap-codec-1.5.5.tgz"
    },
    "@rolldown/pluginutils@1.0.0-rc.2": {
      "integrity": "sha512-izyXV/v+cHiRfozX62W9htOAvwMo4/bXKDrQ+vom1L1qRuexPock/7VZDAhnpHCLNejd3NJ6hiab+tO0D44Rgw==",
      "tarball": "https://mirrors.tencent.com/npm/@rolldown/pluginutils/-/pluginutils-1.0.0-rc.2.tgz"
    },
    "@rollup/rollup-android-arm-eabi@4.59.0": {
      "integrity": "sha512-upnNBkA6ZH2VKGcBj9Fyl9IGNPULcjXRlg0LLeaioQWueH30p6IXtJEbKAgvyv+mJaMxSm1l6xwDXYjpEMiLMg==",
      "os": ["android"],
      "cpu": ["arm"],
      "tarball": "https://mirrors.tencent.com/npm/@rollup/rollup-android-arm-eabi/-/rollup-android-arm-eabi-4.59.0.tgz"
    },
    "@rollup/rollup-android-arm64@4.59.0": {
      "integrity": "sha512-hZ+Zxj3SySm4A/DylsDKZAeVg0mvi++0PYVceVyX7hemkw7OreKdCvW2oQ3T1FMZvCaQXqOTHb8qmBShoqk69Q==",
      "os": ["android"],
      "cpu": ["arm64"],
      "tarball": "https://mirrors.tencent.com/npm/@rollup/rollup-android-arm64/-/rollup-android-arm64-4.59.0.tgz"
    },
    "@rollup/rollup-darwin-arm64@4.59.0": {
      "integrity": "sha512-W2Psnbh1J8ZJw0xKAd8zdNgF9HRLkdWwwdWqubSVk0pUuQkoHnv7rx4GiF9rT4t5DIZGAsConRE3AxCdJ4m8rg==",
      "os": ["darwin"],
      "cpu": ["arm64"],
      "tarball": "https://mirrors.tencent.com/npm/@rollup/rollup-darwin-arm64/-/rollup-darwin-arm64-4.59.0.tgz"
    },
    "@rollup/rollup-darwin-x64@4.59.0": {
      "integrity": "sha512-ZW2KkwlS4lwTv7ZVsYDiARfFCnSGhzYPdiOU4IM2fDbL+QGlyAbjgSFuqNRbSthybLbIJ915UtZBtmuLrQAT/w==",
      "os": ["darwin"],
      "cpu": ["x64"],
      "tarball": "https://mirrors.tencent.com/npm/@rollup/rollup-darwin-x64/-/rollup-darwin-x64-4.59.0.tgz"
    },
    "@rollup/rollup-freebsd-arm64@4.59.0": {
      "integrity": "sha512-EsKaJ5ytAu9jI3lonzn3BgG8iRBjV4LxZexygcQbpiU0wU0ATxhNVEpXKfUa0pS05gTcSDMKpn3Sx+QB9RlTTA==",
      "os": ["freebsd"],
      "cpu": ["arm64"],
      "tarball": "https://mirrors.tencent.com/npm/@rollup/rollup-freebsd-arm64/-/rollup-freebsd-arm64-4.59.0.tgz"
    },
    "@rollup/rollup-freebsd-x64@4.59.0": {
      "integrity": "sha512-d3DuZi2KzTMjImrxoHIAODUZYoUUMsuUiY4SRRcJy6NJoZ6iIqWnJu9IScV9jXysyGMVuW+KNzZvBLOcpdl3Vg==",
      "os": ["freebsd"],
      "cpu": ["x64"],
      "tarball": "https://mirrors.tencent.com/npm/@rollup/rollup-freebsd-x64/-/rollup-freebsd-x64-4.59.0.tgz"
    },
    "@rollup/rollup-linux-arm-gnueabihf@4.59.0": {
      "integrity": "sha512-t4ONHboXi/3E0rT6OZl1pKbl2Vgxf9vJfWgmUoCEVQVxhW6Cw/c8I6hbbu7DAvgp82RKiH7TpLwxnJeKv2pbsw==",
      "os": ["linux"],
      "cpu": ["arm"],
      "tarball": "https://mirrors.tencent.com/npm/@rollup/rollup-linux-arm-gnueabihf/-/rollup-linux-arm-gnueabihf-4.59.0.tgz"
    },
    "@rollup/rollup-linux-arm-musleabihf@4.59.0": {
      "integrity": "sha512-CikFT7aYPA2ufMD086cVORBYGHffBo4K8MQ4uPS/ZnY54GKj36i196u8U+aDVT2LX4eSMbyHtyOh7D7Zvk2VvA==",
      "os": ["linux"],
      "cpu": ["arm"],
      "tarball": "https://mirrors.tencent.com/npm/@rollup/rollup-linux-arm-musleabihf/-/rollup-linux-arm-musleabihf-4.59.0.tgz"
    },
    "@rollup/rollup-linux-arm64-gnu@4.59.0": {
      "integrity": "sha512-jYgUGk5aLd1nUb1CtQ8E+t5JhLc9x5WdBKew9ZgAXg7DBk0ZHErLHdXM24rfX+bKrFe+Xp5YuJo54I5HFjGDAA==",
      "os": ["linux"],
      "cpu": ["arm64"],
      "tarball": "https://mirrors.tencent.com/npm/@rollup/rollup-linux-arm64-gnu/-/rollup-linux-arm64-gnu-4.59.0.tgz"
    },
    "@rollup/rollup-linux-arm64-musl@4.59.0": {
      "integrity": "sha512-peZRVEdnFWZ5Bh2KeumKG9ty7aCXzzEsHShOZEFiCQlDEepP1dpUl/SrUNXNg13UmZl+gzVDPsiCwnV1uI0RUA==",
      "os": ["linux"],
      "cpu": ["arm64"],
      "tarball": "https://mirrors.tencent.com/npm/@rollup/rollup-linux-arm64-musl/-/rollup-linux-arm64-musl-4.59.0.tgz"
    },
    "@rollup/rollup-linux-loong64-gnu@4.59.0": {
      "integrity": "sha512-gbUSW/97f7+r4gHy3Jlup8zDG190AuodsWnNiXErp9mT90iCy9NKKU0Xwx5k8VlRAIV2uU9CsMnEFg/xXaOfXg==",
      "os": ["linux"],
      "cpu": ["loong64"],
      "tarball": "https://mirrors.tencent.com/npm/@rollup/rollup-linux-loong64-gnu/-/rollup-linux-loong64-gnu-4.59.0.tgz"
    },
    "@rollup/rollup-linux-loong64-musl@4.59.0": {
      "integrity": "sha512-yTRONe79E+o0FWFijasoTjtzG9EBedFXJMl888NBEDCDV9I2wGbFFfJQQe63OijbFCUZqxpHz1GzpbtSFikJ4Q==",
      "os": ["linux"],
      "cpu": ["loong64"],
      "tarball": "https://mirrors.tencent.com/npm/@rollup/rollup-linux-loong64-musl/-/rollup-linux-loong64-musl-4.59.0.tgz"
    },
    "@rollup/rollup-linux-ppc64-gnu@4.59.0": {
      "integrity": "sha512-sw1o3tfyk12k3OEpRddF68a1unZ5VCN7zoTNtSn2KndUE+ea3m3ROOKRCZxEpmT9nsGnogpFP9x6mnLTCaoLkA==",
      "os": ["linux"],
      "cpu": ["ppc64"],
      "tarball": "https://mirrors.tencent.com/npm/@rollup/rollup-linux-ppc64-gnu/-/rollup-linux-ppc64-gnu-4.59.0.tgz"
    },
    "@rollup/rollup-linux-ppc64-musl@4.59.0": {
      "integrity": "sha512-+2kLtQ4xT3AiIxkzFVFXfsmlZiG5FXYW7ZyIIvGA7Bdeuh9Z0aN4hVyXS/G1E9bTP/vqszNIN/pUKCk/BTHsKA==",
      "os": ["linux"],
      "cpu": ["ppc64"],
      "tarball": "https://mirrors.tencent.com/npm/@rollup/rollup-linux-ppc64-musl/-/rollup-linux-ppc64-musl-4.59.0.tgz"
    },
    "@rollup/rollup-linux-riscv64-gnu@4.59.0": {
      "integrity": "sha512-NDYMpsXYJJaj+I7UdwIuHHNxXZ/b/N2hR15NyH3m2qAtb/hHPA4g4SuuvrdxetTdndfj9b1WOmy73kcPRoERUg==",
      "os": ["linux"],
      "cpu": ["riscv64"],
      "tarball": "https://mirrors.tencent.com/npm/@rollup/rollup-linux-riscv64-gnu/-/rollup-linux-riscv64-gnu-4.59.0.tgz"
    },
    "@rollup/rollup-linux-riscv64-musl@4.59.0": {
      "integrity": "sha512-nLckB8WOqHIf1bhymk+oHxvM9D3tyPndZH8i8+35p/1YiVoVswPid2yLzgX7ZJP0KQvnkhM4H6QZ5m0LzbyIAg==",
      "os": ["linux"],
      "cpu": ["riscv64"],
      "tarball": "https://mirrors.tencent.com/npm/@rollup/rollup-linux-riscv64-musl/-/rollup-linux-riscv64-musl-4.59.0.tgz"
    },
    "@rollup/rollup-linux-s390x-gnu@4.59.0": {
      "integrity": "sha512-oF87Ie3uAIvORFBpwnCvUzdeYUqi2wY6jRFWJAy1qus/udHFYIkplYRW+wo+GRUP4sKzYdmE1Y3+rY5Gc4ZO+w==",
      "os": ["linux"],
      "cpu": ["s390x"],
      "tarball": "https://mirrors.tencent.com/npm/@rollup/rollup-linux-s390x-gnu/-/rollup-linux-s390x-gnu-4.59.0.tgz"
    },
    "@rollup/rollup-linux-x64-gnu@4.59.0": {
      "integrity": "sha512-3AHmtQq/ppNuUspKAlvA8HtLybkDflkMuLK4DPo77DfthRb71V84/c4MlWJXixZz4uruIH4uaa07IqoAkG64fg==",
      "os": ["linux"],
      "cpu": ["x64"],
      "tarball": "https://mirrors.tencent.com/npm/@rollup/rollup-linux-x64-gnu/-/rollup-linux-x64-gnu-4.59.0.tgz"
    },
    "@rollup/rollup-linux-x64-musl@4.59.0": {
      "integrity": "sha512-2UdiwS/9cTAx7qIUZB/fWtToJwvt0Vbo0zmnYt7ED35KPg13Q0ym1g442THLC7VyI6JfYTP4PiSOWyoMdV2/xg==",
      "os": ["linux"],
      "cpu": ["x64"],
      "tarball": "https://mirrors.tencent.com/npm/@rollup/rollup-linux-x64-musl/-/rollup-linux-x64-musl-4.59.0.tgz"
    },
    "@rollup/rollup-openbsd-x64@4.59.0": {
      "integrity": "sha512-M3bLRAVk6GOwFlPTIxVBSYKUaqfLrn8l0psKinkCFxl4lQvOSz8ZrKDz2gxcBwHFpci0B6rttydI4IpS4IS/jQ==",
      "os": ["openbsd"],
      "cpu": ["x64"],
      "tarball": "https://mirrors.tencent.com/npm/@rollup/rollup-openbsd-x64/-/rollup-openbsd-x64-4.59.0.tgz"
    },
    "@rollup/rollup-openharmony-arm64@4.59.0": {
      "integrity": "sha512-tt9KBJqaqp5i5HUZzoafHZX8b5Q2Fe7UjYERADll83O4fGqJ49O1FsL6LpdzVFQcpwvnyd0i+K/VSwu/o/nWlA==",
      "os": ["openharmony"],
      "cpu": ["arm64"],
      "tarball": "https://mirrors.tencent.com/npm/@rollup/rollup-openharmony-arm64/-/rollup-openharmony-arm64-4.59.0.tgz"
    },
    "@rollup/rollup-win32-arm64-msvc@4.59.0": {
      "integrity": "sha512-V5B6mG7OrGTwnxaNUzZTDTjDS7F75PO1ae6MJYdiMu60sq0CqN5CVeVsbhPxalupvTX8gXVSU9gq+Rx1/hvu6A==",
      "os": ["win32"],
      "cpu": ["arm64"],
      "tarball": "https://mirrors.tencent.com/npm/@rollup/rollup-win32-arm64-msvc/-/rollup-win32-arm64-msvc-4.59.0.tgz"
    },
    "@rollup/rollup-win32-ia32-msvc@4.59.0": {
      "integrity": "sha512-UKFMHPuM9R0iBegwzKF4y0C4J9u8C6MEJgFuXTBerMk7EJ92GFVFYBfOZaSGLu6COf7FxpQNqhNS4c4icUPqxA==",
      "os": ["win32"],
      "cpu": ["ia32"],
      "tarball": "https://mirrors.tencent.com/npm/@rollup/rollup-win32-ia32-msvc/-/rollup-win32-ia32-msvc-4.59.0.tgz"
    },
    "@rollup/rollup-win32-x64-gnu@4.59.0": {
      "integrity": "sha512-laBkYlSS1n2L8fSo1thDNGrCTQMmxjYY5G0WFWjFFYZkKPjsMBsgJfGf4TLxXrF6RyhI60L8TMOjBMvXiTcxeA==",
      "os": ["win32"],
      "cpu": ["x64"],
      "tarball": "https://mirrors.tencent.com/npm/@rollup/rollup-win32-x64-gnu/-/rollup-win32-x64-gnu-4.59.0.tgz"
    },
    "@rollup/rollup-win32-x64-msvc@4.59.0": {
      "integrity": "sha512-2HRCml6OztYXyJXAvdDXPKcawukWY2GpR5/nxKp4iBgiO3wcoEGkAaqctIbZcNB6KlUQBIqt8VYkNSj2397EfA==",
      "os": ["win32"],
      "cpu": ["x64"],
      "tarball": "https://mirrors.tencent.com/npm/@rollup/rollup-win32-x64-msvc/-/rollup-win32-x64-msvc-4.59.0.tgz"
    },
    "@tauri-apps/api@2.10.1": {
      "integrity": "sha512-hKL/jWf293UDSUN09rR69hrToyIXBb8CjGaWC7gfinvnQrBVvnLr08FeFi38gxtugAVyVcTa5/FD/Xnkb1siBw==",
      "tarball": "https://mirrors.tencent.com/npm/@tauri-apps/api/-/api-2.10.1.tgz"
    },
    "@tauri-apps/cli-darwin-arm64@2.10.0": {
      "integrity": "sha512-avqHD4HRjrMamE/7R/kzJPcAJnZs0IIS+1nkDP5b+TNBn3py7N2aIo9LIpy+VQq0AkN8G5dDpZtOOBkmWt/zjA==",
      "os": ["darwin"],
      "cpu": ["arm64"],
      "tarball": "https://mirrors.tencent.com/npm/@tauri-apps/cli-darwin-arm64/-/cli-darwin-arm64-2.10.0.tgz"
    },
    "@tauri-apps/cli-darwin-x64@2.10.0": {
      "integrity": "sha512-keDmlvJRStzVFjZTd0xYkBONLtgBC9eMTpmXnBXzsHuawV2q9PvDo2x6D5mhuoMVrJ9QWjgaPKBBCFks4dK71Q==",
      "os": ["darwin"],
      "cpu": ["x64"],
      "tarball": "https://mirrors.tencent.com/npm/@tauri-apps/cli-darwin-x64/-/cli-darwin-x64-2.10.0.tgz"
    },
    "@tauri-apps/cli-linux-arm-gnueabihf@2.10.0": {
      "integrity": "sha512-e5u0VfLZsMAC9iHaOEANumgl6lfnJx0Dtjkd8IJpysZ8jp0tJ6wrIkto2OzQgzcYyRCKgX72aKE0PFgZputA8g==",
      "os": ["linux"],
      "cpu": ["arm"],
      "tarball": "https://mirrors.tencent.com/npm/@tauri-apps/cli-linux-arm-gnueabihf/-/cli-linux-arm-gnueabihf-2.10.0.tgz"
    },
    "@tauri-apps/cli-linux-arm64-gnu@2.10.0": {
      "integrity": "sha512-YrYYk2dfmBs5m+OIMCrb+JH/oo+4FtlpcrTCgiFYc7vcs6m3QDd1TTyWu0u01ewsCtK2kOdluhr/zKku+KP7HA==",
      "os": ["linux"],
      "cpu": ["arm64"],
      "tarball": "https://mirrors.tencent.com/npm/@tauri-apps/cli-linux-arm64-gnu/-/cli-linux-arm64-gnu-2.10.0.tgz"
    },
    "@tauri-apps/cli-linux-arm64-musl@2.10.0": {
      "integrity": "sha512-GUoPdVJmrJRIXFfW3Rkt+eGK9ygOdyISACZfC/bCSfOnGt8kNdQIQr5WRH9QUaTVFIwxMlQyV3m+yXYP+xhSVA==",
      "os": ["linux"],
      "cpu": ["arm64"],
      "tarball": "https://mirrors.tencent.com/npm/@tauri-apps/cli-linux-arm64-musl/-/cli-linux-arm64-musl-2.10.0.tgz"
    },
    "@tauri-apps/cli-linux-riscv64-gnu@2.10.0": {
      "integrity": "sha512-JO7s3TlSxshwsoKNCDkyvsx5gw2QAs/Y2GbR5UE2d5kkU138ATKoPOtxn8G1fFT1aDW4LH0rYAAfBpGkDyJJnw==",
      "os": ["linux"],
      "cpu": ["riscv64"],
      "tarball": "https://mirrors.tencent.com/npm/@tauri-apps/cli-linux-riscv64-gnu/-/cli-linux-riscv64-gnu-2.10.0.tgz"
    },
    "@tauri-apps/cli-linux-x64-gnu@2.10.0": {
      "integrity": "sha512-Uvh4SUUp4A6DVRSMWjelww0GnZI3PlVy7VS+DRF5napKuIehVjGl9XD0uKoCoxwAQBLctvipyEK+pDXpJeoHng==",
      "os": ["linux"],
      "cpu": ["x64"],
      "tarball": "https://mirrors.tencent.com/npm/@tauri-apps/cli-linux-x64-gnu/-/cli-linux-x64-gnu-2.10.0.tgz"
    },
    "@tauri-apps/cli-linux-x64-musl@2.10.0": {
      "integrity": "sha512-AP0KRK6bJuTpQ8kMNWvhIpKUkQJfcPFeba7QshOQZjJ8wOS6emwTN4K5g/d3AbCMo0RRdnZWwu67MlmtJyxC1Q==",
      "os": ["linux"],
      "cpu": ["x64"],
      "tarball": "https://mirrors.tencent.com/npm/@tauri-apps/cli-linux-x64-musl/-/cli-linux-x64-musl-2.10.0.tgz"
    },
    "@tauri-apps/cli-win32-arm64-msvc@2.10.0": {
      "integrity": "sha512-97DXVU3dJystrq7W41IX+82JEorLNY+3+ECYxvXWqkq7DBN6FsA08x/EFGE8N/b0LTOui9X2dvpGGoeZKKV08g==",
      "os": ["win32"],
      "cpu": ["arm64"],
      "tarball": "https://mirrors.tencent.com/npm/@tauri-apps/cli-win32-arm64-msvc/-/cli-win32-arm64-msvc-2.10.0.tgz"
    },
    "@tauri-apps/cli-win32-ia32-msvc@2.10.0": {
      "integrity": "sha512-EHyQ1iwrWy1CwMalEm9z2a6L5isQ121pe7FcA2xe4VWMJp+GHSDDGvbTv/OPdkt2Lyr7DAZBpZHM6nvlHXEc4A==",
      "os": ["win32"],
      "cpu": ["ia32"],
      "tarball": "https://mirrors.tencent.com/npm/@tauri-apps/cli-win32-ia32-msvc/-/cli-win32-ia32-msvc-2.10.0.tgz"
    },
    "@tauri-apps/cli-win32-x64-msvc@2.10.0": {
      "integrity": "sha512-NTpyQxkpzGmU6ceWBTY2xRIEaS0ZLbVx1HE1zTA3TY/pV3+cPoPPOs+7YScr4IMzXMtOw7tLw5LEXo5oIG3qaQ==",
      "os": ["win32"],
      "cpu": ["x64"],
      "tarball": "https://mirrors.tencent.com/npm/@tauri-apps/cli-win32-x64-msvc/-/cli-win32-x64-msvc-2.10.0.tgz"
    },
    "@tauri-apps/cli@2.10.0": {
      "integrity": "sha512-ZwT0T+7bw4+DPCSWzmviwq5XbXlM0cNoleDKOYPFYqcZqeKY31KlpoMW/MOON/tOFBPgi31a2v3w9gliqwL2+Q==",
      "optionalDependencies": [
        "@tauri-apps/cli-darwin-arm64",
        "@tauri-apps/cli-darwin-x64",
        "@tauri-apps/cli-linux-arm-gnueabihf",
        "@tauri-apps/cli-linux-arm64-gnu",
        "@tauri-apps/cli-linux-arm64-musl",
        "@tauri-apps/cli-linux-riscv64-gnu",
        "@tauri-apps/cli-linux-x64-gnu",
        "@tauri-apps/cli-linux-x64-musl",
        "@tauri-apps/cli-win32-arm64-msvc",
        "@tauri-apps/cli-win32-ia32-msvc",
        "@tauri-apps/cli-win32-x64-msvc"
      ],
      "bin": true,
      "tarball": "https://mirrors.tencent.com/npm/@tauri-apps/cli/-/cli-2.10.0.tgz"
    },
    "@tauri-apps/plugin-opener@2.5.3": {
      "integrity": "sha512-CCcUltXMOfUEArbf3db3kCE7Ggy1ExBEBl51Ko2ODJ6GDYHRp1nSNlQm5uNCFY5k7/ufaK5Ib3Du/Zir19IYQQ==",
      "dependencies": [
        "@tauri-apps/api"
      ],
      "tarball": "https://mirrors.tencent.com/npm/@tauri-apps/plugin-opener/-/plugin-opener-2.5.3.tgz"
    },
    "@types/estree@1.0.8": {
      "integrity": "sha512-dWHzHa2WqEXI/O1E9OjrocMTKJl2mSrEolh1Iomrv6U+JuNwaHXsXx9bLu5gG7BUWFIN0skIQJQ/L1rIex4X6w==",
      "tarball": "https://mirrors.tencent.com/npm/@types/estree/-/estree-1.0.8.tgz"
    },
    "@vitejs/plugin-vue@6.0.4_vite@7.3.1__picomatch@4.0.3_vue@3.5.29__typescript@5.6.3__typescript@5.9.3_typescript@5.9.3": {
      "integrity": "sha512-uM5iXipgYIn13UUQCZNdWkYk+sysBeA97d5mHsAoAt1u/wpN3+zxOmsVJWosuzX+IMGRzeYUNytztrYznboIkQ==",
      "dependencies": [
        "@rolldown/pluginutils",
        "vite",
        "vue"
      ],
      "tarball": "https://mirrors.tencent.com/npm/@vitejs/plugin-vue/-/plugin-vue-6.0.4.tgz"
    },
    "@volar/language-core@2.4.28": {
      "integrity": "sha512-w4qhIJ8ZSitgLAkVay6AbcnC7gP3glYM3fYwKV3srj8m494E3xtrCv6E+bWviiK/8hs6e6t1ij1s2Endql7vzQ==",
      "dependencies": [
        "@volar/source-map"
      ],
      "tarball": "https://mirrors.tencent.com/npm/@volar/language-core/-/language-core-2.4.28.tgz"
    },
    "@volar/source-map@2.4.28": {
      "integrity": "sha512-yX2BDBqJkRXfKw8my8VarTyjv48QwxdJtvRgUpNE5erCsgEUdI2DsLbpa+rOQVAJYshY99szEcRDmyHbF10ggQ==",
      "tarball": "https://mirrors.tencent.com/npm/@volar/source-map/-/source-map-2.4.28.tgz"
    },
    "@volar/typescript@2.4.28": {
      "integrity": "sha512-Ja6yvWrbis2QtN4ClAKreeUZPVYMARDYZl9LMEv1iQ1QdepB6wn0jTRxA9MftYmYa4DQ4k/DaSZpFPUfxl8giw==",
      "dependencies": [
        "@volar/language-core",
        "path-browserify",
        "vscode-uri"
      ],
      "tarball": "https://mirrors.tencent.com/npm/@volar/typescript/-/typescript-2.4.28.tgz"
    },
    "@vue/compiler-core@3.5.29": {
      "integrity": "sha512-cuzPhD8fwRHk8IGfmYaR4eEe4cAyJEL66Ove/WZL7yWNL134nqLddSLwNRIsFlnnW1kK+p8Ck3viFnC0chXCXw==",
      "dependencies": [
        "@babel/parser",
        "@vue/shared",
        "entities",
        "estree-walker",
        "source-map-js"
      ],
      "tarball": "https://mirrors.tencent.com/npm/@vue/compiler-core/-/compiler-core-3.5.29.tgz"
    },
    "@vue/compiler-dom@3.5.29": {
      "integrity": "sha512-n0G5o7R3uBVmVxjTIYcz7ovr8sy7QObFG8OQJ3xGCDNhbG60biP/P5KnyY8NLd81OuT1WJflG7N4KWYHaeeaIg==",
      "dependencies": [
        "@vue/compiler-core",
        "@vue/shared"
      ],
      "tarball": "https://mirrors.tencent.com/npm/@vue/compiler-dom/-/compiler-dom-3.5.29.tgz"
    },
    "@vue/compiler-sfc@3.5.29": {
      "integrity": "sha512-oJZhN5XJs35Gzr50E82jg2cYdZQ78wEwvRO6Y63TvLVTc+6xICzJHP1UIecdSPPYIbkautNBanDiWYa64QSFIA==",
      "dependencies": [
        "@babel/parser",
        "@vue/compiler-core",
        "@vue/compiler-dom",
        "@vue/compiler-ssr",
        "@vue/shared",
        "estree-walker",
        "magic-string",
        "postcss",
        "source-map-js"
      ],
      "tarball": "https://mirrors.tencent.com/npm/@vue/compiler-sfc/-/compiler-sfc-3.5.29.tgz"
    },
    "@vue/compiler-ssr@3.5.29": {
      "integrity": "sha512-Y/ARJZE6fpjzL5GH/phJmsFwx3g6t2KmHKHx5q+MLl2kencADKIrhH5MLF6HHpRMmlRAYBRSvv347Mepf1zVNw==",
      "dependencies": [
        "@vue/compiler-dom",
        "@vue/shared"
      ],
      "tarball": "https://mirrors.tencent.com/npm/@vue/compiler-ssr/-/compiler-ssr-3.5.29.tgz"
    },
    "@vue/language-core@3.2.5": {
      "integrity": "sha512-d3OIxN/+KRedeM5wQ6H6NIpwS3P5gC9nmyaHgBk+rO6dIsjY+tOh4UlPpiZbAh3YtLdCGEX4M16RmsBqPmJV+g==",
      "dependencies": [
        "@volar/language-core",
        "@vue/compiler-dom",
        "@vue/shared",
        "alien-signals",
        "muggle-string",
        "path-browserify",
        "picomatch"
      ],
      "tarball": "https://mirrors.tencent.com/npm/@vue/language-core/-/language-core-3.2.5.tgz"
    },
    "@vue/reactivity@3.5.29": {
      "integrity": "sha512-zcrANcrRdcLtmGZETBxWqIkoQei8HaFpZWx/GHKxx79JZsiZ8j1du0VUJtu4eJjgFvU/iKL5lRXFXksVmI+5DA==",
      "dependencies": [
        "@vue/shared"
      ],
      "tarball": "https://mirrors.tencent.com/npm/@vue/reactivity/-/reactivity-3.5.29.tgz"
    },
    "@vue/runtime-core@3.5.29": {
      "integrity": "sha512-8DpW2QfdwIWOLqtsNcds4s+QgwSaHSJY/SUe04LptianUQ/0xi6KVsu/pYVh+HO3NTVvVJjIPL2t6GdeKbS4Lg==",
      "dependencies": [
        "@vue/reactivity",
        "@vue/shared"
      ],
      "tarball": "https://mirrors.tencent.com/npm/@vue/runtime-core/-/runtime-core-3.5.29.tgz"
    },
    "@vue/runtime-dom@3.5.29": {
      "integrity": "sha512-AHvvJEtcY9tw/uk+s/YRLSlxxQnqnAkjqvK25ZiM4CllCZWzElRAoQnCM42m9AHRLNJ6oe2kC5DCgD4AUdlvXg==",
      "dependencies": [
        "@vue/reactivity",
        "@vue/runtime-core",
        "@vue/shared",
        "csstype"
      ],
      "tarball": "https://mirrors.tencent.com/npm/@vue/runtime-dom/-/runtime-dom-3.5.29.tgz"
    },
    "@vue/server-renderer@3.5.29_vue@3.5.29__typescript@5.6.3_typescript@5.6.3_typescript@5.9.3": {
      "integrity": "sha512-G/1k6WK5MusLlbxSE2YTcqAAezS+VuwHhOvLx2KnQU7G2zCH6KIb+5Wyt6UjMq7a3qPzNEjJXs1hvAxDclQH+g==",
      "dependencies": [
        "@vue/compiler-ssr",
        "@vue/shared",
        "vue"
      ],
      "tarball": "https://mirrors.tencent.com/npm/@vue/server-renderer/-/server-renderer-3.5.29.tgz"
    },
    "@vue/shared@3.5.29": {
      "integrity": "sha512-w7SR0A5zyRByL9XUkCfdLs7t9XOHUyJ67qPGQjOou3p6GvBeBW+AVjUUmlxtZ4PIYaRvE+1LmK44O4uajlZwcg==",
      "tarball": "https://mirrors.tencent.com/npm/@vue/shared/-/shared-3.5.29.tgz"
    },
    "alien-signals@3.1.2": {
      "integrity": "sha512-d9dYqZTS90WLiU0I5c6DHj/HcKkF8ZyGN3G5x8wSbslulz70KOxaqCT0hQCo9KOyhVqzqGojvNdJXoTumZOtcw==",
      "tarball": "https://mirrors.tencent.com/npm/alien-signals/-/alien-signals-3.1.2.tgz"
    },
    "csstype@3.2.3": {
      "integrity": "sha512-z1HGKcYy2xA8AGQfwrn0PAy+PB7X/GSj3UVJW9qKyn43xWa+gl5nXmU4qqLMRzWVLFC8KusUX8T/0kCiOYpAIQ==",
      "tarball": "https://mirrors.tencent.com/npm/csstype/-/csstype-3.2.3.tgz"
    },
    "entities@7.0.1": {
      "integrity": "sha512-TWrgLOFUQTH994YUyl1yT4uyavY5nNB5muff+RtWaqNVCAK408b5ZnnbNAUEWLTCpum9w6arT70i1XdQ4UeOPA==",
      "tarball": "https://mirrors.tencent.com/npm/entities/-/entities-7.0.1.tgz"
    },
    "esbuild@0.27.3": {
      "integrity": "sha512-8VwMnyGCONIs6cWue2IdpHxHnAjzxnw2Zr7MkVxB2vjmQ2ivqGFb4LEG3SMnv0Gb2F/G/2yA8zUaiL1gywDCCg==",
      "optionalDependencies": [
        "@esbuild/aix-ppc64",
        "@esbuild/android-arm",
        "@esbuild/android-arm64",
        "@esbuild/android-x64",
        "@esbuild/darwin-arm64",
        "@esbuild/darwin-x64",
        "@esbuild/freebsd-arm64",
        "@esbuild/freebsd-x64",
        "@esbuild/linux-arm",
        "@esbuild/linux-arm64",
        "@esbuild/linux-ia32",
        "@esbuild/linux-loong64",
        "@esbuild/linux-mips64el",
        "@esbuild/linux-ppc64",
        "@esbuild/linux-riscv64",
        "@esbuild/linux-s390x",
        "@esbuild/linux-x64",
        "@esbuild/netbsd-arm64",
        "@esbuild/netbsd-x64",
        "@esbuild/openbsd-arm64",
        "@esbuild/openbsd-x64",
        "@esbuild/openharmony-arm64",
        "@esbuild/sunos-x64",
        "@esbuild/win32-arm64",
        "@esbuild/win32-ia32",
        "@esbuild/win32-x64"
      ],
      "scripts": true,
      "bin": true,
      "tarball": "https://mirrors.tencent.com/npm/esbuild/-/esbuild-0.27.3.tgz"
    },
    "estree-walker@2.0.2": {
      "integrity": "sha512-Rfkk/Mp/DL7JVje3u18FxFujQlTNR2q6QfMSMB7AvCBx91NGj/ba3kCfza0f6dVDbw7YlRf/nDrn7pQrCCyQ/w==",
      "tarball": "https://mirrors.tencent.com/npm/estree-walker/-/estree-walker-2.0.2.tgz"
    },
    "fdir@6.5.0_picomatch@4.0.3": {
      "integrity": "sha512-tIbYtZbucOs0BRGqPJkshJUYdL+SDH7dVM8gjy+ERp3WAUjLEFJE+02kanyHtwjWOnwrKYBiwAmM0p4kLJAnXg==",
      "dependencies": [
        "picomatch"
      ],
      "optionalPeers": [
        "picomatch"
      ],
      "tarball": "https://mirrors.tencent.com/npm/fdir/-/fdir-6.5.0.tgz"
    },
    "fsevents@2.3.3": {
      "integrity": "sha512-5xoDfX+fL7faATnagmWPpbFtwh/R77WmMMqqHGS65C3vvB0YHrgF+B1YmZ3441tMj5n63k0212XNoJwzlhffQw==",
      "os": ["darwin"],
      "scripts": true,
      "tarball": "https://mirrors.tencent.com/npm/fsevents/-/fsevents-2.3.3.tgz"
    },
    "magic-string@0.30.21": {
      "integrity": "sha512-vd2F4YUyEXKGcLHoq+TEyCjxueSeHnFxyyjNp80yg0XV4vUhnDer/lvvlqM/arB5bXQN5K2/3oinyCRyx8T2CQ==",
      "dependencies": [
        "@jridgewell/sourcemap-codec"
      ],
      "tarball": "https://mirrors.tencent.com/npm/magic-string/-/magic-string-0.30.21.tgz"
    },
    "muggle-string@0.4.1": {
      "integrity": "sha512-VNTrAak/KhO2i8dqqnqnAHOa3cYBwXEZe9h+D5h/1ZqFSTEFHdM65lR7RoIqq3tBBYavsOXV84NoHXZ0AkPyqQ==",
      "tarball": "https://mirrors.tencent.com/npm/muggle-string/-/muggle-string-0.4.1.tgz"
    },
    "nanoid@3.3.11": {
      "integrity": "sha512-N8SpfPUnUp1bK+PMYW8qSWdl9U+wwNWI4QKxOYDy9JAro3WMX7p2OeVRF9v+347pnakNevPmiHhNmZ2HbFA76w==",
      "bin": true,
      "tarball": "https://mirrors.tencent.com/npm/nanoid/-/nanoid-3.3.11.tgz"
    },
    "path-browserify@1.0.1": {
      "integrity": "sha512-b7uo2UCUOYZcnF/3ID0lulOJi/bafxa1xPe7ZPsammBSpjSWQkjNxlt635YGS2MiR9GjvuXCtz2emr3jbsz98g==",
      "tarball": "https://mirrors.tencent.com/npm/path-browserify/-/path-browserify-1.0.1.tgz"
    },
    "picocolors@1.1.1": {
      "integrity": "sha512-xceH2snhtb5M9liqDsmEw56le376mTZkEX/jEb/RxNFyegNul7eNslCXP9FDj/Lcu0X8KEyMceP2ntpaHrDEVA==",
      "tarball": "https://mirrors.tencent.com/npm/picocolors/-/picocolors-1.1.1.tgz"
    },
    "picomatch@4.0.3": {
      "integrity": "sha512-5gTmgEY/sqK6gFXLIsQNH19lWb4ebPDLA4SdLP7dsWkIXHWlG66oPuVvXSGFPppYZz8ZDZq0dYYrbHfBCVUb1Q==",
      "tarball": "https://mirrors.tencent.com/npm/picomatch/-/picomatch-4.0.3.tgz"
    },
    "postcss@8.5.6": {
      "integrity": "sha512-3Ybi1tAuwAP9s0r1UQ2J4n5Y0G05bJkpUIO0/bI9MhwmD70S5aTWbXGBwxHrelT+XM1k6dM0pk+SwNkpTRN7Pg==",
      "dependencies": [
        "nanoid",
        "picocolors",
        "source-map-js"
      ],
      "tarball": "https://mirrors.tencent.com/npm/postcss/-/postcss-8.5.6.tgz"
    },
    "rollup@4.59.0": {
      "integrity": "sha512-2oMpl67a3zCH9H79LeMcbDhXW/UmWG/y2zuqnF2jQq5uq9TbM9TVyXvA4+t+ne2IIkBdrLpAaRQAvo7YI/Yyeg==",
      "dependencies": [
        "@types/estree"
      ],
      "optionalDependencies": [
        "@rollup/rollup-android-arm-eabi",
        "@rollup/rollup-android-arm64",
        "@rollup/rollup-darwin-arm64",
        "@rollup/rollup-darwin-x64",
        "@rollup/rollup-freebsd-arm64",
        "@rollup/rollup-freebsd-x64",
        "@rollup/rollup-linux-arm-gnueabihf",
        "@rollup/rollup-linux-arm-musleabihf",
        "@rollup/rollup-linux-arm64-gnu",
        "@rollup/rollup-linux-arm64-musl",
        "@rollup/rollup-linux-loong64-gnu",
        "@rollup/rollup-linux-loong64-musl",
        "@rollup/rollup-linux-ppc64-gnu",
        "@rollup/rollup-linux-ppc64-musl",
        "@rollup/rollup-linux-riscv64-gnu",
        "@rollup/rollup-linux-riscv64-musl",
        "@rollup/rollup-linux-s390x-gnu",
        "@rollup/rollup-linux-x64-gnu",
        "@rollup/rollup-linux-x64-musl",
        "@rollup/rollup-openbsd-x64",
        "@rollup/rollup-openharmony-arm64",
        "@rollup/rollup-win32-arm64-msvc",
        "@rollup/rollup-win32-ia32-msvc",
        "@rollup/rollup-win32-x64-gnu",
        "@rollup/rollup-win32-x64-msvc",
        "fsevents"
      ],
      "bin": true,
      "tarball": "https://mirrors.tencent.com/npm/rollup/-/rollup-4.59.0.tgz"
    },
    "source-map-js@1.2.1": {
      "integrity": "sha512-UXWMKhLOwVKb728IUtQPXxfYU+usdybtUrK/8uGE8CQMvrhOpwvzDBwj0QhSL7MQc7vIsISBG8VQ8+IDQxpfQA==",
      "tarball": "https://mirrors.tencent.com/npm/source-map-js/-/source-map-js-1.2.1.tgz"
    },
    "tinyglobby@0.2.15_picomatch@4.0.3": {
      "integrity": "sha512-j2Zq4NyQYG5XMST4cbs02Ak8iJUdxRM0XI5QyxXuZOzKOINmWurp3smXu3y5wDcJrptwpSjgXHzIQxR0omXljQ==",
      "dependencies": [
        "fdir",
        "picomatch"
      ],
      "tarball": "https://mirrors.tencent.com/npm/tinyglobby/-/tinyglobby-0.2.15.tgz"
    },
    "typescript@5.9.3": {
      "integrity": "sha512-jl1vZzPDinLr9eUt3J/t7V6FgNEw9QjvBPdysz9KfQDD41fQrC2Y4vKQdiaUpFT4bXlb1RHhLpp8wtm6M5TgSw==",
      "bin": true,
      "tarball": "https://mirrors.tencent.com/npm/typescript/-/typescript-5.9.3.tgz"
    },
    "vite@7.3.1_picomatch@4.0.3": {
      "integrity": "sha512-w+N7Hifpc3gRjZ63vYBXA56dvvRlNWRczTdmCBBa+CotUzAPf5b7YMdMR/8CQoeYE5LX3W4wj6RYTgonm1b9DA==",
      "dependencies": [
        "esbuild",
        "fdir",
        "picomatch",
        "postcss",
        "rollup",
        "tinyglobby"
      ],
      "optionalDependencies": [
        "fsevents"
      ],
      "bin": true,
      "tarball": "https://mirrors.tencent.com/npm/vite/-/vite-7.3.1.tgz"
    },
    "vscode-uri@3.1.0": {
      "integrity": "sha512-/BpdSx+yCQGnCvecbyXdxHDkuk55/G3xwnC0GqY4gmQ3j+A+g8kzzgB4Nk/SINjqn6+waqw3EgbVF2QKExkRxQ==",
      "tarball": "https://mirrors.tencent.com/npm/vscode-uri/-/vscode-uri-3.1.0.tgz"
    },
    "vue-tsc@3.2.5_typescript@5.9.3": {
      "integrity": "sha512-/htfTCMluQ+P2FISGAooul8kO4JMheOTCbCy4M6dYnYYjqLe3BExZudAua6MSIKSFYQtFOYAll7XobYwcpokGA==",
      "dependencies": [
        "@volar/typescript",
        "@vue/language-core",
        "typescript"
      ],
      "bin": true,
      "tarball": "https://mirrors.tencent.com/npm/vue-tsc/-/vue-tsc-3.2.5.tgz"
    },
    "vue@3.5.29_typescript@5.6.3_typescript@5.9.3": {
      "integrity": "sha512-BZqN4Ze6mDQVNAni0IHeMJ5mwr8VAJ3MQC9FmprRhcBYENw+wOAAjRj8jfmN6FLl0j96OXbR+CjWhmAmM+QGnA==",
      "dependencies": [
        "@vue/compiler-dom",
        "@vue/compiler-sfc",
        "@vue/runtime-dom",
        "@vue/server-renderer",
        "@vue/shared",
        "typescript"
      ],
      "optionalPeers": [
        "typescript"
      ],
      "tarball": "https://mirrors.tencent.com/npm/vue/-/vue-3.5.29.tgz"
    }
  },
  "workspace": {
    "packageJson": {
      "dependencies": [
        "npm:@tauri-apps/api@^2.10.1",
        "npm:@tauri-apps/cli@^2.10.0",
        "npm:@tauri-apps/plugin-opener@^2.5.3",
        "npm:@vitejs/plugin-vue@^6.0.4",
        "npm:typescript@~5.9.3",
        "npm:vite@^7.3.1",
        "npm:vue-tsc@^3.2.5",
        "npm:vue@^3.5.29"
      ]
    }
  }
}
